
Microsoft Visual Studio Solution File, Format Version 12.00
# Visual Studio 15
VisualStudioVersion = 15.0.27130.2010
MinimumVisualStudioVersion = 10.0.40219.1
Project("{DA7A21FA-8162-4350-AD77-A8D1B671F3ED}") = "Kmeans", "Kmeans\Kmeans.rxproj", "{20A52619-0D84-4BB4-9CBB-FDCEFF50666D}"
EndProject
Global
	GlobalSection(SolutionConfigurationPlatforms) = preSolution
		Debug|Any CPU = Debug|Any CPU
		Release|Any CPU = Release|Any CPU
	EndGlobalSection
	GlobalSection(ProjectConfigurationPlatforms) = postSolution
		{20A52619-0D84-4BB4-9CBB-FDCEFF50666D}.Debug|Any CPU.ActiveCfg = Debug|Any CPU
		{20A52619-0D84-4BB4-9CBB-FDCEFF50666D}.Debug|Any CPU.Build.0 = Debug|Any CPU
		{20A52619-0D84-4BB4-9CBB-FDCEFF50666D}.Release|Any CPU.ActiveCfg = Release|Any CPU
		{20A52619-0D84-4BB4-9CBB-FDCEFF50666D}.Release|Any CPU.Build.0 = Release|Any CPU
	EndGlobalSection
	GlobalSection(SolutionProperties) = preSolution
		HideSolutionNode = FALSE
	EndGlobalSection
	GlobalSection(ExtensibilityGlobals) = postSolution
		SolutionGuid = {A9A12F90-53EF-4ABB-B45B-75E0EBEC6648}
	EndGlobalSection
EndGlobal
