
Microsoft Visual Studio Solution File, Format Version 12.00
# Visual Studio 15
VisualStudioVersion = 15.0.27004.2002
MinimumVisualStudioVersion = 10.0.40219.1
Project("{FAE04EC0-301F-11D3-BF4B-00C04F79EFBC}") = "Lab4", "Lab4\Lab4.csproj", "{041A9B41-4076-45AC-95A6-70914A30E594}"
EndProject
Global
	GlobalSection(SolutionConfigurationPlatforms) = preSolution
		Debug|Any CPU = Debug|Any CPU
		Release|Any CPU = Release|Any CPU
	EndGlobalSection
	GlobalSection(ProjectConfigurationPlatforms) = postSolution
		{041A9B41-4076-45AC-95A6-70914A30E594}.Debug|Any CPU.ActiveCfg = Debug|Any CPU
		{041A9B41-4076-45AC-95A6-70914A30E594}.Debug|Any CPU.Build.0 = Debug|Any CPU
		{041A9B41-4076-45AC-95A6-70914A30E594}.Release|Any CPU.ActiveCfg = Release|Any CPU
		{041A9B41-4076-45AC-95A6-70914A30E594}.Release|Any CPU.Build.0 = Release|Any CPU
	EndGlobalSection
	GlobalSection(SolutionProperties) = preSolution
		HideSolutionNode = FALSE
	EndGlobalSection
	GlobalSection(ExtensibilityGlobals) = postSolution
		SolutionGuid = {D3E56867-7813-405C-A907-F798B1E11DD1}
	EndGlobalSection
EndGlobal
